
Microsoft Visual Studio Solution File, Format Version 12.00
# Visual Studio Version 16
VisualStudioVersion = 16.0.30907.101
MinimumVisualStudioVersion = 10.0.40219.1
Project("{FAE04EC0-301F-11D3-BF4B-00C04F79EFBC}") = "Notebook", "Notebook.csproj", "{3B9313FF-F011-423A-8DD1-148D009E2755}"
EndProject
Global
	GlobalSection(SolutionConfigurationPlatforms) = preSolution
		Debug|Any CPU = Debug|Any CPU
		Release|Any CPU = Release|Any CPU
	EndGlobalSection
	GlobalSection(ProjectConfigurationPlatforms) = postSolution
		{3B9313FF-F011-423A-8DD1-148D009E2755}.Debug|Any CPU.ActiveCfg = Debug|Any CPU
		{3B9313FF-F011-423A-8DD1-148D009E2755}.Debug|Any CPU.Build.0 = Debug|Any CPU
		{3B9313FF-F011-423A-8DD1-148D009E2755}.Release|Any CPU.ActiveCfg = Release|Any CPU
		{3B9313FF-F011-423A-8DD1-148D009E2755}.Release|Any CPU.Build.0 = Release|Any CPU
	EndGlobalSection
	GlobalSection(SolutionProperties) = preSolution
		HideSolutionNode = FALSE
	EndGlobalSection
	GlobalSection(ExtensibilityGlobals) = postSolution
		SolutionGuid = {99ACE921-2894-4C49-9571-8B491BA1C168}
	EndGlobalSection
EndGlobal
